{
  "nodes": {
    "blender-bin": {
      "inputs": {
        "nixpkgs": [
          "nixpkgs"
        ]
      },
      "locked": {
        "dir": "blender",
        "lastModified": 1752701743,
        "narHash": "sha256-cQeX9PP5F7fgsuv0CrL16GtlU6MS0i9LLnkkITu8jA8=",
        "owner": "edolstra",
        "repo": "nix-warez",
        "rev": "69acfebb3740542936f71775bcdf322dc328a655",
        "type": "github"
      },
      "original": {
        "dir": "blender",
        "owner": "edolstra",
        "repo": "nix-warez",
        "type": "github"
      }
    },
    "home-manager": {
      "inputs": {
        "nixpkgs": [
          "nixpkgs"
        ]
      },
      "locked": {
        "lastModified": 1752603129,
        "narHash": "sha256-S+wmHhwNQ5Ru689L2Gu8n1OD6s9eU9n9mD827JNR+kw=",
        "owner": "nix-community",
        "repo": "home-manager",
        "rev": "e8c19a3cec2814c754f031ab3ae7316b64da085b",
        "type": "github"
      },
      "original": {
        "owner": "nix-community",
        "repo": "home-manager",
        "type": "github"
      }
    },
    "nixpkgs": {
      "locked": {
        "lastModified": 1752480373,
        "narHash": "sha256-JHQbm+OcGp32wAsXTE/FLYGNpb+4GLi5oTvCxwSoBOA=",
        "owner": "nixos",
        "repo": "nixpkgs",
        "rev": "62e0f05ede1da0d54515d4ea8ce9c733f12d9f08",
        "type": "github"
      },
      "original": {
        "owner": "nixos",
        "ref": "nixos-unstable",
        "repo": "nixpkgs",
        "type": "github"
      }
    },
    "root": {
      "inputs": {
        "blender-bin": "blender-bin",
        "home-manager": "home-manager",
        "nixpkgs": "nixpkgs",
        "silent-sddm": "silent-sddm"
      }
    },
    "silent-sddm": {
      "inputs": {
        "nixpkgs": [
          "nixpkgs"
        ]
      },
      "locked": {
        "lastModified": 1752420577,
        "narHash": "sha256-cOEqnqVGuNLje/3kttVfu5gxpIVBDZ2SBhL6sh2XB2U=",
        "owner": "uiriansan",
        "repo": "SilentSDDM",
        "rev": "d6800ae791ed48834ac53ccbd2ee2b8a63f4aa8c",
        "type": "github"
      },
      "original": {
        "owner": "uiriansan",
        "repo": "SilentSDDM",
        "type": "github"
      }
    }
  },
  "root": "root",
  "version": 7
}
